
Microsoft Visual Studio Solution File, Format Version 12.00
# Visual Studio Version 17
VisualStudioVersion = 17.12.35527.113 d17.12
MinimumVisualStudioVersion = 10.0.40219.1
Project("{FAE04EC0-301F-11D3-BF4B-00C04F79EFBC}") = "PlaywrightEdgeTests", "PlaywrightEdgeTests\PlaywrightEdgeTests.csproj", "{BBC17C0A-14A8-4849-8330-C95E30820980}"
EndProject
Global
	GlobalSection(SolutionConfigurationPlatforms) = preSolution
		Debug|Any CPU = Debug|Any CPU
		Release|Any CPU = Release|Any CPU
	EndGlobalSection
	GlobalSection(ProjectConfigurationPlatforms) = postSolution
		{BBC17C0A-14A8-4849-8330-C95E30820980}.Debug|Any CPU.ActiveCfg = Debug|Any CPU
		{BBC17C0A-14A8-4849-8330-C95E30820980}.Debug|Any CPU.Build.0 = Debug|Any CPU
		{BBC17C0A-14A8-4849-8330-C95E30820980}.Release|Any CPU.ActiveCfg = Release|Any CPU
		{BBC17C0A-14A8-4849-8330-C95E30820980}.Release|Any CPU.Build.0 = Release|Any CPU
	EndGlobalSection
	GlobalSection(SolutionProperties) = preSolution
		HideSolutionNode = FALSE
	EndGlobalSection
EndGlobal
